
Microsoft Visual Studio Solution File, Format Version 12.00
# Visual Studio Version 16
VisualStudioVersion = 16.0.30011.22
MinimumVisualStudioVersion = 10.0.40219.1
Project("{FAE04EC0-301F-11D3-BF4B-00C04F79EFBC}") = "WeatherApp", "WeatherApp\WeatherApp.csproj", "{67480D9F-2DBE-4EE3-8AE4-C23B29C179CB}"
EndProject
Global
	GlobalSection(SolutionConfigurationPlatforms) = preSolution
		Debug|Any CPU = Debug|Any CPU
		Release|Any CPU = Release|Any CPU
	EndGlobalSection
	GlobalSection(ProjectConfigurationPlatforms) = postSolution
		{67480D9F-2DBE-4EE3-8AE4-C23B29C179CB}.Debug|Any CPU.ActiveCfg = Debug|Any CPU
		{67480D9F-2DBE-4EE3-8AE4-C23B29C179CB}.Debug|Any CPU.Build.0 = Debug|Any CPU
		{67480D9F-2DBE-4EE3-8AE4-C23B29C179CB}.Release|Any CPU.ActiveCfg = Release|Any CPU
		{67480D9F-2DBE-4EE3-8AE4-C23B29C179CB}.Release|Any CPU.Build.0 = Release|Any CPU
	EndGlobalSection
	GlobalSection(SolutionProperties) = preSolution
		HideSolutionNode = FALSE
	EndGlobalSection
	GlobalSection(ExtensibilityGlobals) = postSolution
		SolutionGuid = {F36B7AFF-4676-4391-96B2-A4F8F0F1525D}
	EndGlobalSection
EndGlobal
